
Microsoft Visual Studio Solution File, Format Version 12.00
# Visual Studio Version 16
VisualStudioVersion = 16.0.30001.183
MinimumVisualStudioVersion = 10.0.40219.1
Project("{FAE04EC0-301F-11D3-BF4B-00C04F79EFBC}") = "Rubric_automizer", "Rubric_automizer.csproj", "{16A635EF-8357-41CB-B335-AEBC1CEBB99A}"
EndProject
Global
	GlobalSection(SolutionConfigurationPlatforms) = preSolution
		Debug|Any CPU = Debug|Any CPU
		Release|Any CPU = Release|Any CPU
	EndGlobalSection
	GlobalSection(ProjectConfigurationPlatforms) = postSolution
		{16A635EF-8357-41CB-B335-AEBC1CEBB99A}.Debug|Any CPU.ActiveCfg = Debug|Any CPU
		{16A635EF-8357-41CB-B335-AEBC1CEBB99A}.Debug|Any CPU.Build.0 = Debug|Any CPU
		{16A635EF-8357-41CB-B335-AEBC1CEBB99A}.Release|Any CPU.ActiveCfg = Release|Any CPU
		{16A635EF-8357-41CB-B335-AEBC1CEBB99A}.Release|Any CPU.Build.0 = Release|Any CPU
	EndGlobalSection
	GlobalSection(SolutionProperties) = preSolution
		HideSolutionNode = FALSE
	EndGlobalSection
	GlobalSection(ExtensibilityGlobals) = postSolution
		SolutionGuid = {29DF4302-42D0-4166-91DB-19C0E6BB09C7}
	EndGlobalSection
EndGlobal
